Microsoft Visual Studio Solution File, Format Version 8.00
Project("{8BC9CEB8-8B4A-11D0-8D11-00A0C91BC942}") = "DxDb3", "DxDb3.vcproj", "{CBECEB1A-7AD7-4F41-B385-31BFBD71EBE0}"
	ProjectSection(ProjectDependencies) = postProject
	EndProjectSection
EndProject
Global
	GlobalSection(SolutionConfiguration) = preSolution
		Debug = Debug
		Release = Release
	EndGlobalSection
	GlobalSection(ProjectConfiguration) = postSolution
		{CBECEB1A-7AD7-4F41-B385-31BFBD71EBE0}.Debug.ActiveCfg = Debug|Win32
		{CBECEB1A-7AD7-4F41-B385-31BFBD71EBE0}.Debug.Build.0 = Debug|Win32
		{CBECEB1A-7AD7-4F41-B385-31BFBD71EBE0}.Release.ActiveCfg = Release|Win32
		{CBECEB1A-7AD7-4F41-B385-31BFBD71EBE0}.Release.Build.0 = Release|Win32
	EndGlobalSection
	GlobalSection(ExtensibilityGlobals) = postSolution
	EndGlobalSection
	GlobalSection(ExtensibilityAddIns) = postSolution
	EndGlobalSection
EndGlobal
